
Microsoft Visual Studio Solution File, Format Version 12.00
# Visual Studio 2012
Project("{FAE04EC0-301F-11D3-BF4B-00C04F79EFBC}") = "Hostel Management System", "Hostel Management System\Hostel Management System.csproj", "{BB21FF91-2B13-4DCE-813B-DC04F1812DE3}"
EndProject
Project("{FAE04EC0-301F-11D3-BF4B-00C04F79EFBC}") = "Hms_BusinessLogic_Layer", "Hms_BusinessLogic_Layer\Hms_BusinessLogic_Layer.csproj", "{0040C8A7-4333-49D4-A416-7788AB0D4D8A}"
EndProject
Project("{FAE04EC0-301F-11D3-BF4B-00C04F79EFBC}") = "Hms_DataAccess_Layer", "Hms_DataAccess_Layer\Hms_DataAccess_Layer.csproj", "{35EA7DE5-68BD-476F-AD2F-A8E5682586D0}"
EndProject
Global
	GlobalSection(SolutionConfigurationPlatforms) = preSolution
		Debug|Any CPU = Debug|Any CPU
		Release|Any CPU = Release|Any CPU
	EndGlobalSection
	GlobalSection(ProjectConfigurationPlatforms) = postSolution
		{BB21FF91-2B13-4DCE-813B-DC04F1812DE3}.Debug|Any CPU.ActiveCfg = Debug|Any CPU
		{BB21FF91-2B13-4DCE-813B-DC04F1812DE3}.Debug|Any CPU.Build.0 = Debug|Any CPU
		{BB21FF91-2B13-4DCE-813B-DC04F1812DE3}.Release|Any CPU.ActiveCfg = Release|Any CPU
		{BB21FF91-2B13-4DCE-813B-DC04F1812DE3}.Release|Any CPU.Build.0 = Release|Any CPU
		{0040C8A7-4333-49D4-A416-7788AB0D4D8A}.Debug|Any CPU.ActiveCfg = Debug|Any CPU
		{0040C8A7-4333-49D4-A416-7788AB0D4D8A}.Debug|Any CPU.Build.0 = Debug|Any CPU
		{0040C8A7-4333-49D4-A416-7788AB0D4D8A}.Release|Any CPU.ActiveCfg = Release|Any CPU
		{0040C8A7-4333-49D4-A416-7788AB0D4D8A}.Release|Any CPU.Build.0 = Release|Any CPU
		{35EA7DE5-68BD-476F-AD2F-A8E5682586D0}.Debug|Any CPU.ActiveCfg = Debug|Any CPU
		{35EA7DE5-68BD-476F-AD2F-A8E5682586D0}.Debug|Any CPU.Build.0 = Debug|Any CPU
		{35EA7DE5-68BD-476F-AD2F-A8E5682586D0}.Release|Any CPU.ActiveCfg = Release|Any CPU
		{35EA7DE5-68BD-476F-AD2F-A8E5682586D0}.Release|Any CPU.Build.0 = Release|Any CPU
	EndGlobalSection
	GlobalSection(SolutionProperties) = preSolution
		HideSolutionNode = FALSE
	EndGlobalSection
EndGlobal
